
Microsoft Visual Studio Solution File, Format Version 12.00
# Visual Studio 14
VisualStudioVersion = 14.0.23107.0
MinimumVisualStudioVersion = 10.0.40219.1
Project("{8BC9CEB8-8B4A-11D0-8D11-00A0C91BC942}") = "webposclient", "webposclient\webposclient.vcxproj", "{A0ED24E6-AB15-44D2-8AD2-87329B07E6E0}"
EndProject
Project("{8BC9CEB8-8B4A-11D0-8D11-00A0C91BC942}") = "DuiVision.2015", "DuiVision\DuiVision.2015.vcxproj", "{956C8DD0-B286-44FE-B190-7C3666CB6645}"
EndProject
Global
	GlobalSection(SolutionConfigurationPlatforms) = preSolution
		Debug|x64 = Debug|x64
		Debug|x86 = Debug|x86
		DebugMulti|x64 = DebugMulti|x64
		DebugMulti|x86 = DebugMulti|x86
		Release|x64 = Release|x64
		Release|x86 = Release|x86
		ReleaseMulti|x64 = ReleaseMulti|x64
		ReleaseMulti|x86 = ReleaseMulti|x86
		Release-StaticMFC|x64 = Release-StaticMFC|x64
		Release-StaticMFC|x86 = Release-StaticMFC|x86
	EndGlobalSection
	GlobalSection(ProjectConfigurationPlatforms) = postSolution
		{A0ED24E6-AB15-44D2-8AD2-87329B07E6E0}.Debug|x64.ActiveCfg = Debug|x64
		{A0ED24E6-AB15-44D2-8AD2-87329B07E6E0}.Debug|x64.Build.0 = Debug|x64
		{A0ED24E6-AB15-44D2-8AD2-87329B07E6E0}.Debug|x86.ActiveCfg = Debug|Win32
		{A0ED24E6-AB15-44D2-8AD2-87329B07E6E0}.Debug|x86.Build.0 = Debug|Win32
		{A0ED24E6-AB15-44D2-8AD2-87329B07E6E0}.DebugMulti|x64.ActiveCfg = Debug|x64
		{A0ED24E6-AB15-44D2-8AD2-87329B07E6E0}.DebugMulti|x64.Build.0 = Debug|x64
		{A0ED24E6-AB15-44D2-8AD2-87329B07E6E0}.DebugMulti|x86.ActiveCfg = Debug|Win32
		{A0ED24E6-AB15-44D2-8AD2-87329B07E6E0}.DebugMulti|x86.Build.0 = Debug|Win32
		{A0ED24E6-AB15-44D2-8AD2-87329B07E6E0}.Release|x64.ActiveCfg = Release|x64
		{A0ED24E6-AB15-44D2-8AD2-87329B07E6E0}.Release|x64.Build.0 = Release|x64
		{A0ED24E6-AB15-44D2-8AD2-87329B07E6E0}.Release|x86.ActiveCfg = Release|Win32
		{A0ED24E6-AB15-44D2-8AD2-87329B07E6E0}.Release|x86.Build.0 = Release|Win32
		{A0ED24E6-AB15-44D2-8AD2-87329B07E6E0}.ReleaseMulti|x64.ActiveCfg = Release|x64
		{A0ED24E6-AB15-44D2-8AD2-87329B07E6E0}.ReleaseMulti|x64.Build.0 = Release|x64
		{A0ED24E6-AB15-44D2-8AD2-87329B07E6E0}.ReleaseMulti|x86.ActiveCfg = Release|Win32
		{A0ED24E6-AB15-44D2-8AD2-87329B07E6E0}.ReleaseMulti|x86.Build.0 = Release|Win32
		{A0ED24E6-AB15-44D2-8AD2-87329B07E6E0}.Release-StaticMFC|x64.ActiveCfg = Release|x64
		{A0ED24E6-AB15-44D2-8AD2-87329B07E6E0}.Release-StaticMFC|x64.Build.0 = Release|x64
		{A0ED24E6-AB15-44D2-8AD2-87329B07E6E0}.Release-StaticMFC|x86.ActiveCfg = Release|Win32
		{A0ED24E6-AB15-44D2-8AD2-87329B07E6E0}.Release-StaticMFC|x86.Build.0 = Release|Win32
		{956C8DD0-B286-44FE-B190-7C3666CB6645}.Debug|x64.ActiveCfg = Debug|Win32
		{956C8DD0-B286-44FE-B190-7C3666CB6645}.Debug|x86.ActiveCfg = Debug|Win32
		{956C8DD0-B286-44FE-B190-7C3666CB6645}.Debug|x86.Build.0 = Debug|Win32
		{956C8DD0-B286-44FE-B190-7C3666CB6645}.DebugMulti|x64.ActiveCfg = DebugMulti|Win32
		{956C8DD0-B286-44FE-B190-7C3666CB6645}.DebugMulti|x86.ActiveCfg = DebugMulti|Win32
		{956C8DD0-B286-44FE-B190-7C3666CB6645}.DebugMulti|x86.Build.0 = DebugMulti|Win32
		{956C8DD0-B286-44FE-B190-7C3666CB6645}.Release|x64.ActiveCfg = Release|Win32
		{956C8DD0-B286-44FE-B190-7C3666CB6645}.Release|x86.ActiveCfg = Release|Win32
		{956C8DD0-B286-44FE-B190-7C3666CB6645}.Release|x86.Build.0 = Release|Win32
		{956C8DD0-B286-44FE-B190-7C3666CB6645}.ReleaseMulti|x64.ActiveCfg = ReleaseMulti|Win32
		{956C8DD0-B286-44FE-B190-7C3666CB6645}.ReleaseMulti|x86.ActiveCfg = ReleaseMulti|Win32
		{956C8DD0-B286-44FE-B190-7C3666CB6645}.ReleaseMulti|x86.Build.0 = ReleaseMulti|Win32
		{956C8DD0-B286-44FE-B190-7C3666CB6645}.Release-StaticMFC|x64.ActiveCfg = Release-StaticMFC|Win32
		{956C8DD0-B286-44FE-B190-7C3666CB6645}.Release-StaticMFC|x86.ActiveCfg = Release-StaticMFC|Win32
		{956C8DD0-B286-44FE-B190-7C3666CB6645}.Release-StaticMFC|x86.Build.0 = Release-StaticMFC|Win32
	EndGlobalSection
	GlobalSection(SolutionProperties) = preSolution
		HideSolutionNode = FALSE
	EndGlobalSection
EndGlobal
